// !$*UTF8*$!
{
	archiveVersion = 1;
	classes = {
	};
	objectVersion = 50;
	objects = {

/* Begin PBXBuildFile section */
		192A720B230B89C700B1D0E7 /* AppDelegate.swift in Sources */ = {isa = PBXBuildFile; fileRef = 192A720A230B89C700B1D0E7 /* AppDelegate.swift */; };
		192A720D230B89C700B1D0E7 /* ViewController.swift in Sources */ = {isa = PBXBuildFile; fileRef = 192A720C230B89C700B1D0E7 /* ViewController.swift */; };
		192A7210230B89C700B1D0E7 /* Main.storyboard in Resources */ = {isa = PBXBuildFile; fileRef = 192A720E230B89C700B1D0E7 /* Main.storyboard */; };
		192A7212230B89CC00B1D0E7 /* Assets.xcassets in Resources */ = {isa = PBXBuildFile; fileRef = 192A7211230B89CC00B1D0E7 /* Assets.xcassets */; };
		192A7215230B89CC00B1D0E7 /* LaunchScreen.storyboard in Resources */ = {isa = PBXBuildFile; fileRef = 192A7213230B89CC00B1D0E7 /* LaunchScreen.storyboard */; };
		192A7220230B89CC00B1D0E7 /* Class03Tests.swift in Sources */ = {isa = PBXBuildFile; fileRef = 192A721F230B89CC00B1D0E7 /* Class03Tests.swift */; };
		192A722B230B89CC00B1D0E7 /* Class03UITests.swift in Sources */ = {isa = PBXBuildFile; fileRef = 192A722A230B89CC00B1D0E7 /* Class03UITests.swift */; };
/* End PBXBuildFile section */

/* Begin PBXContainerItemProxy section */
		192A721C230B89CC00B1D0E7 /* PBXContainerItemProxy */ = {
			isa = PBXContainerItemProxy;
			containerPortal = 192A71FF230B89C700B1D0E7 /* Project object */;
			proxyType = 1;
			remoteGlobalIDString = 192A7206230B89C700B1D0E7;
			remoteInfo = Class03;
		};
		192A7227230B89CC00B1D0E7 /* PBXContainerItemProxy */ = {
			isa = PBXContainerItemProxy;
			containerPortal = 192A71FF230B89C700B1D0E7 /* Project object */;
			proxyType = 1;
			remoteGlobalIDString = 192A7206230B89C700B1D0E7;
			remoteInfo = Class03;
		};
/* End PBXContainerItemProxy section */

/* Begin PBXFileReference section */
		192A7207230B89C700B1D0E7 /* Class03.app */ = {isa = PBXFileReference; explicitFileType = wrapper.application; includeInIndex = 0; path = Class03.app; sourceTree = BUILT_PRODUCTS_DIR; };
		192A720A230B89C700B1D0E7 /* AppDelegate.swift */ = {isa = PBXFileReference; lastKnownFileType = sourcecode.swift; path = AppDelegate.swift; sourceTree = "<group>"; };
		192A720C230B89C700B1D0E7 /* ViewController.swift */ = {isa = PBXFileReference; lastKnownFileType = sourcecode.swift; path = ViewController.swift; sourceTree = "<group>"; };
		192A720F230B89C700B1D0E7 /* Base */ = {isa = PBXFileReference; lastKnownFileType = file.storyboard; name = Base; path = Base.lproj/Main.storyboard; sourceTree = "<group>"; };
		192A7211230B89CC00B1D0E7 /* Assets.xcassets */ = {isa = PBXFileReference; lastKnownFileType = folder.assetcatalog; path = Assets.xcassets; sourceTree = "<group>"; };
		192A7214230B89CC00B1D0E7 /* Base */ = {isa = PBXFileReference; lastKnownFileType = file.storyboard; name = Base; path = Base.lproj/LaunchScreen.storyboard; sourceTree = "<group>"; };
		192A7216230B89CC00B1D0E7 /* Info.plist */ = {isa = PBXFileReference; lastKnownFileType = text.plist.xml; path = Info.plist; sourceTree = "<group>"; };
		192A721B230B89CC00B1D0E7 /* Class03Tests.xctest */ = {isa = PBXFileReference; explicitFileType = wrapper.cfbundle; includeInIndex = 0; path = Class03Tests.xctest; sourceTree = BUILT_PRODUCTS_DIR; };
		192A721F230B89CC00B1D0E7 /* Class03Tests.swift */ = {isa = PBXFileReference; lastKnownFileType = sourcecode.swift; path = Class03Tests.swift; sourceTree = "<group>"; };
		192A7221230B89CC00B1D0E7 /* Info.plist */ = {isa = PBXFileReference; lastKnownFileType = text.plist.xml; path = Info.plist; sourceTree = "<group>"; };
		192A7226230B89CC00B1D0E7 /* Class03UITests.xctest */ = {isa = PBXFileReference; explicitFileType = wrapper.cfbundle; includeInIndex = 0; path = Class03UITests.xctest; sourceTree = BUILT_PRODUCTS_DIR; };
		192A722A230B89CC00B1D0E7 /* Class03UITests.swift */ = {isa = PBXFileReference; lastKnownFileType = sourcecode.swift; path = Class03UITests.swift; sourceTree = "<group>"; };
		192A722C230B89CC00B1D0E7 /* Info.plist */ = {isa = PBXFileReference; lastKnownFileType = text.plist.xml; path = Info.plist; sourceTree = "<group>"; };
/* End PBXFileReference section */

/* Begin PBXFrameworksBuildPhase section */
		192A7204230B89C700B1D0E7 /* Frameworks */ = {
			isa = PBXFrameworksBuildPhase;
			buildActionMask = 2147483647;
			files = (
			);
			runOnlyForDeploymentPostprocessing = 0;
		};
		192A7218230B89CC00B1D0E7 /* Frameworks */ = {
			isa = PBXFrameworksBuildPhase;
			buildActionMask = 2147483647;
			files = (
			);
			runOnlyForDeploymentPostprocessing = 0;
		};
		192A7223230B89CC00B1D0E7 /* Frameworks */ = {
			isa = PBXFrameworksBuildPhase;
			buildActionMask = 2147483647;
			files = (
			);
			runOnlyForDeploymentPostprocessing = 0;
		};
/* End PBXFrameworksBuildPhase section */

/* Begin PBXGroup section */
		192A71FE230B89C700B1D0E7 = {
			isa = PBXGroup;
			children = (
				192A7209230B89C700B1D0E7 /* Class03 */,
				192A721E230B89CC00B1D0E7 /* Class03Tests */,
				192A7229230B89CC00B1D0E7 /* Class03UITests */,
				192A7208230B89C700B1D0E7 /* Products */,
			);
			sourceTree = "<group>";
		};
		192A7208230B89C700B1D0E7 /* Products */ = {
			isa = PBXGroup;
			children = (
				192A7207230B89C700B1D0E7 /* Class03.app */,
				192A721B230B89CC00B1D0E7 /* Class03Tests.xctest */,
				192A7226230B89CC00B1D0E7 /* Class03UITests.xctest */,
			);
			name = Products;
			sourceTree = "<group>";
		};
		192A7209230B89C700B1D0E7 /* Class03 */ = {
			isa = PBXGroup;
			children = (
				192A720A230B89C700B1D0E7 /* AppDelegate.swift */,
				192A720C230B89C700B1D0E7 /* ViewController.swift */,
				192A720E230B89C700B1D0E7 /* Main.storyboard */,
				192A7211230B89CC00B1D0E7 /* Assets.xcassets */,
				192A7213230B89CC00B1D0E7 /* LaunchScreen.storyboard */,
				192A7216230B89CC00B1D0E7 /* Info.plist */,
			);
			path = Class03;
			sourceTree = "<group>";
		};
		192A721E230B89CC00B1D0E7 /* Class03Tests */ = {
			isa = PBXGroup;
			children = (
				192A721F230B89CC00B1D0E7 /* Class03Tests.swift */,
				192A7221230B89CC00B1D0E7 /* Info.plist */,
			);
			path = Class03Tests;
			sourceTree = "<group>";
		};
		192A7229230B89CC00B1D0E7 /* Class03UITests */ = {
			isa = PBXGroup;
			children = (
				192A722A230B89CC00B1D0E7 /* Class03UITests.swift */,
				192A722C230B89CC00B1D0E7 /* Info.plist */,
			);
			path = Class03UITests;
			sourceTree = "<group>";
		};
/* End PBXGroup section */

/* Begin PBXNativeTarget section */
		192A7206230B89C700B1D0E7 /* Class03 */ = {
			isa = PBXNativeTarget;
			buildConfigurationList = 192A722F230B89CC00B1D0E7 /* Build configuration list for PBXNativeTarget "Class03" */;
			buildPhases = (
				192A7203230B89C700B1D0E7 /* Sources */,
				192A7204230B89C700B1D0E7 /* Frameworks */,
				192A7205230B89C700B1D0E7 /* Resources */,
			);
			buildRules = (
			);
			dependencies = (
			);
			name = Class03;
			productName = Class03;
			productReference = 192A7207230B89C700B1D0E7 /* Class03.app */;
			productType = "com.apple.product-type.application";
		};
		192A721A230B89CC00B1D0E7 /* Class03Tests */ = {
			isa = PBXNativeTarget;
			buildConfigurationList = 192A7232230B89CC00B1D0E7 /* Build configuration list for PBXNativeTarget "Class03Tests" */;
			buildPhases = (
				192A7217230B89CC00B1D0E7 /* Sources */,
				192A7218230B89CC00B1D0E7 /* Frameworks */,
				192A7219230B89CC00B1D0E7 /* Resources */,
			);
			buildRules = (
			);
			dependencies = (
				192A721D230B89CC00B1D0E7 /* PBXTargetDependency */,
			);
			name = Class03Tests;
			productName = Class03Tests;
			productReference = 192A721B230B89CC00B1D0E7 /* Class03Tests.xctest */;
			productType = "com.apple.product-type.bundle.unit-test";
		};
		192A7225230B89CC00B1D0E7 /* Class03UITests */ = {
			isa = PBXNativeTarget;
			buildConfigurationList = 192A7235230B89CC00B1D0E7 /* Build configuration list for PBXNativeTarget "Class03UITests" */;
			buildPhases = (
				192A7222230B89CC00B1D0E7 /* Sources */,
				192A7223230B89CC00B1D0E7 /* Frameworks */,
				192A7224230B89CC00B1D0E7 /* Resources */,
			);
			buildRules = (
			);
			dependencies = (
				192A7228230B89CC00B1D0E7 /* PBXTargetDependency */,
			);
			name = Class03UITests;
			productName = Class03UITests;
			productReference = 192A7226230B89CC00B1D0E7 /* Class03UITests.xctest */;
			productType = "com.apple.product-type.bundle.ui-testing";
		};
/* End PBXNativeTarget section */

/* Begin PBXProject section */
		192A71FF230B89C700B1D0E7 /* Project object */ = {
			isa = PBXProject;
			attributes = {
				LastSwiftUpdateCheck = 1030;
				LastUpgradeCheck = 1030;
				ORGANIZATIONNAME = KAREN_JIANG;
				TargetAttributes = {
					192A7206230B89C700B1D0E7 = {
						CreatedOnToolsVersion = 10.3;
					};
					192A721A230B89CC00B1D0E7 = {
						CreatedOnToolsVersion = 10.3;
						TestTargetID = 192A7206230B89C700B1D0E7;
					};
					192A7225230B89CC00B1D0E7 = {
						CreatedOnToolsVersion = 10.3;
						TestTargetID = 192A7206230B89C700B1D0E7;
					};
				};
			};
			buildConfigurationList = 192A7202230B89C700B1D0E7 /* Build configuration list for PBXProject "Class03" */;
			compatibilityVersion = "Xcode 9.3";
			developmentRegion = en;
			hasScannedForEncodings = 0;
			knownRegions = (
				en,
				Base,
			);
			mainGroup = 192A71FE230B89C700B1D0E7;
			productRefGroup = 192A7208230B89C700B1D0E7 /* Products */;
			projectDirPath = "";
			projectRoot = "";
			targets = (
				192A7206230B89C700B1D0E7 /* Class03 */,
				192A721A230B89CC00B1D0E7 /* Class03Tests */,
				192A7225230B89CC00B1D0E7 /* Class03UITests */,
			);
		};
/* End PBXProject section */

/* Begin PBXResourcesBuildPhase section */
		192A7205230B89C700B1D0E7 /* Resources */ = {
			isa = PBXResourcesBuildPhase;
			buildActionMask = 2147483647;
			files = (
				192A7215230B89CC00B1D0E7 /* LaunchScreen.storyboard in Resources */,
				192A7212230B89CC00B1D0E7 /* Assets.xcassets in Resources */,
				192A7210230B89C700B1D0E7 /* Main.storyboard in Resources */,
			);
			runOnlyForDeploymentPostprocessing = 0;
		};
		192A7219230B89CC00B1D0E7 /* Resources */ = {
			isa = PBXResourcesBuildPhase;
			buildActionMask = 2147483647;
			files = (
			);
			runOnlyForDeploymentPostprocessing = 0;
		};
		192A7224230B89CC00B1D0E7 /* Resources */ = {
			isa = PBXResourcesBuildPhase;
			buildActionMask = 2147483647;
			files = (
			);
			runOnlyForDeploymentPostprocessing = 0;
		};
/* End PBXResourcesBuildPhase section */

/* Begin PBXSourcesBuildPhase section */
		192A7203230B89C700B1D0E7 /* Sources */ = {
			isa = PBXSourcesBuildPhase;
			buildActionMask = 2147483647;
			files = (
				192A720D230B89C700B1D0E7 /* ViewController.swift in Sources */,
				192A720B230B89C700B1D0E7 /* AppDelegate.swift in Sources */,
			);
			runOnlyForDeploymentPostprocessing = 0;
		};
		192A7217230B89CC00B1D0E7 /* Sources */ = {
			isa = PBXSourcesBuildPhase;
			buildActionMask = 2147483647;
			files = (
				192A7220230B89CC00B1D0E7 /* Class03Tests.swift in Sources */,
			);
			runOnlyForDeploymentPostprocessing = 0;
		};
		192A7222230B89CC00B1D0E7 /* Sources */ = {
			isa = PBXSourcesBuildPhase;
			buildActionMask = 2147483647;
			files = (
				192A722B230B89CC00B1D0E7 /* Class03UITests.swift in Sources */,
			);
			runOnlyForDeploymentPostprocessing = 0;
		};
/* End PBXSourcesBuildPhase section */

/* Begin PBXTargetDependency section */
		192A721D230B89CC00B1D0E7 /* PBXTargetDependency */ = {
			isa = PBXTargetDependency;
			target = 192A7206230B89C700B1D0E7 /* Class03 */;
			targetProxy = 192A721C230B89CC00B1D0E7 /* PBXContainerItemProxy */;
		};
		192A7228230B89CC00B1D0E7 /* PBXTargetDependency */ = {
			isa = PBXTargetDependency;
			target = 192A7206230B89C700B1D0E7 /* Class03 */;
			targetProxy = 192A7227230B89CC00B1D0E7 /* PBXContainerItemProxy */;
		};
/* End PBXTargetDependency section */

/* Begin PBXVariantGroup section */
		192A720E230B89C700B1D0E7 /* Main.storyboard */ = {
			isa = PBXVariantGroup;
			children = (
				192A720F230B89C700B1D0E7 /* Base */,
			);
			name = Main.storyboard;
			sourceTree = "<group>";
		};
		192A7213230B89CC00B1D0E7 /* LaunchScreen.storyboard */ = {
			isa = PBXVariantGroup;
			children = (
				192A7214230B89CC00B1D0E7 /* Base */,
			);
			name = LaunchScreen.storyboard;
			sourceTree = "<group>";
		};
/* End PBXVariantGroup section */

/* Begin XCBuildConfiguration section */
		192A722D230B89CC00B1D0E7 /* Debug */ = {
			isa = XCBuildConfiguration;
			buildSettings = {
				ALWAYS_SEARCH_USER_PATHS = NO;
				CLANG_ANALYZER_NONNULL = YES;
				CLANG_ANALYZER_NUMBER_OBJECT_CONVERSION = YES_AGGRESSIVE;
				CLANG_CXX_LANGUAGE_STANDARD = "gnu++14";
				CLANG_CXX_LIBRARY = "libc++";
				CLANG_ENABLE_MODULES = YES;
				CLANG_ENABLE_OBJC_ARC = YES;
				CLANG_ENABLE_OBJC_WEAK = YES;
				CLANG_WARN_BLOCK_CAPTURE_AUTORELEASING = YES;
				CLANG_WARN_BOOL_CONVERSION = YES;
				CLANG_WARN_COMMA = YES;
				CLANG_WARN_CONSTANT_CONVERSION = YES;
				CLANG_WARN_DEPRECATED_OBJC_IMPLEMENTATIONS = YES;
				CLANG_WARN_DIRECT_OBJC_ISA_USAGE = YES_ERROR;
				CLANG_WARN_DOCUMENTATION_COMMENTS = YES;
				CLANG_WARN_EMPTY_BODY = YES;
				CLANG_WARN_ENUM_CONVERSION = YES;
				CLANG_WARN_INFINITE_RECURSION = YES;
				CLANG_WARN_INT_CONVERSION = YES;
				CLANG_WARN_NON_LITERAL_NULL_CONVERSION = YES;
				CLANG_WARN_OBJC_IMPLICIT_RETAIN_SELF = YES;
				CLANG_WARN_OBJC_LITERAL_CONVERSION = YES;
				CLANG_WARN_OBJC_ROOT_CLASS = YES_ERROR;
				CLANG_WARN_RANGE_LOOP_ANALYSIS = YES;
				CLANG_WARN_STRICT_PROTOTYPES = YES;
				CLANG_WARN_SUSPICIOUS_MOVE = YES;
				CLANG_WARN_UNGUARDED_AVAILABILITY = YES_AGGRESSIVE;
				CLANG_WARN_UNREACHABLE_CODE = YES;
				CLANG_WARN__DUPLICATE_METHOD_MATCH = YES;
				CODE_SIGN_IDENTITY = "iPhone Developer";
				COPY_PHASE_STRIP = NO;
				DEBUG_INFORMATION_FORMAT = dwarf;
				ENABLE_STRICT_OBJC_MSGSEND = YES;
				ENABLE_TESTABILITY = YES;
				GCC_C_LANGUAGE_STANDARD = gnu11;
				GCC_DYNAMIC_NO_PIC = NO;
				GCC_NO_COMMON_BLOCKS = YES;
				GCC_OPTIMIZATION_LEVEL = 0;
				GCC_PREPROCESSOR_DEFINITIONS = (
					"DEBUG=1",
					"$(inherited)",
				);
				GCC_WARN_64_TO_32_BIT_CONVERSION = YES;
				GCC_WARN_ABOUT_RETURN_TYPE = YES_ERROR;
				GCC_WARN_UNDECLARED_SELECTOR = YES;
				GCC_WARN_UNINITIALIZED_AUTOS = YES_AGGRESSIVE;
				GCC_WARN_UNUSED_FUNCTION = YES;
				GCC_WARN_UNUSED_VARIABLE = YES;
				IPHONEOS_DEPLOYMENT_TARGET = 12.4;
				MTL_ENABLE_DEBUG_INFO = INCLUDE_SOURCE;
				MTL_FAST_MATH = YES;
				ONLY_ACTIVE_ARCH = YES;
				SDKROOT = iphoneos;
				SWIFT_ACTIVE_COMPILATION_CONDITIONS = DEBUG;
				SWIFT_OPTIMIZATION_LEVEL = "-Onone";
			};
			name = Debug;
		};
		192A722E230B89CC00B1D0E7 /* Release */ = {
			isa = XCBuildConfiguration;
			buildSettings = {
				ALWAYS_SEARCH_USER_PATHS = NO;
				CLANG_ANALYZER_NONNULL = YES;
				CLANG_ANALYZER_NUMBER_OBJECT_CONVERSION = YES_AGGRESSIVE;
				CLANG_CXX_LANGUAGE_STANDARD = "gnu++14";
				CLANG_CXX_LIBRARY = "libc++";
				CLANG_ENABLE_MODULES = YES;
				CLANG_ENABLE_OBJC_ARC = YES;
				CLANG_ENABLE_OBJC_WEAK = YES;
				CLANG_WARN_BLOCK_CAPTURE_AUTORELEASING = YES;
				CLANG_WARN_BOOL_CONVERSION = YES;
				CLANG_WARN_COMMA = YES;
				CLANG_WARN_CONSTANT_CONVERSION = YES;
				CLANG_WARN_DEPRECATED_OBJC_IMPLEMENTATIONS = YES;
				CLANG_WARN_DIRECT_OBJC_ISA_USAGE = YES_ERROR;
				CLANG_WARN_DOCUMENTATION_COMMENTS = YES;
				CLANG_WARN_EMPTY_BODY = YES;
				CLANG_WARN_ENUM_CONVERSION = YES;
				CLANG_WARN_INFINITE_RECURSION = YES;
				CLANG_WARN_INT_CONVERSION = YES;
				CLANG_WARN_NON_LITERAL_NULL_CONVERSION = YES;
				CLANG_WARN_OBJC_IMPLICIT_RETAIN_SELF = YES;
				CLANG_WARN_OBJC_LITERAL_CONVERSION = YES;
				CLANG_WARN_OBJC_ROOT_CLASS = YES_ERROR;
				CLANG_WARN_RANGE_LOOP_ANALYSIS = YES;
				CLANG_WARN_STRICT_PROTOTYPES = YES;
				CLANG_WARN_SUSPICIOUS_MOVE = YES;
				CLANG_WARN_UNGUARDED_AVAILABILITY = YES_AGGRESSIVE;
				CLANG_WARN_UNREACHABLE_CODE = YES;
				CLANG_WARN__DUPLICATE_METHOD_MATCH = YES;
				CODE_SIGN_IDENTITY = "iPhone Developer";
				COPY_PHASE_STRIP = NO;
				DEBUG_INFORMATION_FORMAT = "dwarf-with-dsym";
				ENABLE_NS_ASSERTIONS = NO;
				ENABLE_STRICT_OBJC_MSGSEND = YES;
				GCC_C_LANGUAGE_STANDARD = gnu11;
				GCC_NO_COMMON_BLOCKS = YES;
				GCC_WARN_64_TO_32_BIT_CONVERSION = YES;
				GCC_WARN_ABOUT_RETURN_TYPE = YES_ERROR;
				GCC_WARN_UNDECLARED_SELECTOR = YES;
				GCC_WARN_UNINITIALIZED_AUTOS = YES_AGGRESSIVE;
				GCC_WARN_UNUSED_FUNCTION = YES;
				GCC_WARN_UNUSED_VARIABLE = YES;
				IPHONEOS_DEPLOYMENT_TARGET = 12.4;
				MTL_ENABLE_DEBUG_INFO = NO;
				MTL_FAST_MATH = YES;
				SDKROOT = iphoneos;
				SWIFT_COMPILATION_MODE = wholemodule;
				SWIFT_OPTIMIZATION_LEVEL = "-O";
				VALIDATE_PRODUCT = YES;
			};
			name = Release;
		};
		192A7230230B89CC00B1D0E7 /* Debug */ = {
			isa = XCBuildConfiguration;
			buildSettings = {
				ASSETCATALOG_COMPILER_APPICON_NAME = AppIcon;
				CODE_SIGN_STYLE = Automatic;
				INFOPLIST_FILE = Class03/Info.plist;
				LD_RUNPATH_SEARCH_PATHS = (
					"$(inherited)",
					"@executable_path/Frameworks",
				);
				PRODUCT_BUNDLE_IDENTIFIER = tw.edu.fju.Class03;
				PRODUCT_NAME = "$(TARGET_NAME)";
				SWIFT_VERSION = 5.0;
				TARGETED_DEVICE_FAMILY = "1,2";
			};
			name = Debug;
		};
		192A7231230B89CC00B1D0E7 /* Release */ = {
			isa = XCBuildConfiguration;
			buildSettings = {
				ASSETCATALOG_COMPILER_APPICON_NAME = AppIcon;
				CODE_SIGN_STYLE = Automatic;
				INFOPLIST_FILE = Class03/Info.plist;
				LD_RUNPATH_SEARCH_PATHS = (
					"$(inherited)",
					"@executable_path/Frameworks",
				);
				PRODUCT_BUNDLE_IDENTIFIER = tw.edu.fju.Class03;
				PRODUCT_NAME = "$(TARGET_NAME)";
				SWIFT_VERSION = 5.0;
				TARGETED_DEVICE_FAMILY = "1,2";
			};
			name = Release;
		};
		192A7233230B89CC00B1D0E7 /* Debug */ = {
			isa = XCBuildConfiguration;
			buildSettings = {
				ALWAYS_EMBED_SWIFT_STANDARD_LIBRARIES = YES;
				BUNDLE_LOADER = "$(TEST_HOST)";
				CODE_SIGN_STYLE = Automatic;
				INFOPLIST_FILE = Class03Tests/Info.plist;
				LD_RUNPATH_SEARCH_PATHS = (
					"$(inherited)",
					"@executable_path/Frameworks",
					"@loader_path/Frameworks",
				);
				PRODUCT_BUNDLE_IDENTIFIER = tw.edu.fju.Class03Tests;
				PRODUCT_NAME = "$(TARGET_NAME)";
				SWIFT_VERSION = 5.0;
				TARGETED_DEVICE_FAMILY = "1,2";
				TEST_HOST = "$(BUILT_PRODUCTS_DIR)/Class03.app/Class03";
			};
			name = Debug;
		};
		192A7234230B89CC00B1D0E7 /* Release */ = {
			isa = XCBuildConfiguration;
			buildSettings = {
				ALWAYS_EMBED_SWIFT_STANDARD_LIBRARIES = YES;
				BUNDLE_LOADER = "$(TEST_HOST)";
				CODE_SIGN_STYLE = Automatic;
				INFOPLIST_FILE = Class03Tests/Info.plist;
				LD_RUNPATH_SEARCH_PATHS = (
					"$(inherited)",
					"@executable_path/Frameworks",
					"@loader_path/Frameworks",
				);
				PRODUCT_BUNDLE_IDENTIFIER = tw.edu.fju.Class03Tests;
				PRODUCT_NAME = "$(TARGET_NAME)";
				SWIFT_VERSION = 5.0;
				TARGETED_DEVICE_FAMILY = "1,2";
				TEST_HOST = "$(BUILT_PRODUCTS_DIR)/Class03.app/Class03";
			};
			name = Release;
		};
		192A7236230B89CC00B1D0E7 /* Debug */ = {
			isa = XCBuildConfiguration;
			buildSettings = {
				ALWAYS_EMBED_SWIFT_STANDARD_LIBRARIES = YES;
				CODE_SIGN_STYLE = Automatic;
				INFOPLIST_FILE = Class03UITests/Info.plist;
				LD_RUNPATH_SEARCH_PATHS = (
					"$(inherited)",
					"@executable_path/Frameworks",
					"@loader_path/Frameworks",
				);
				PRODUCT_BUNDLE_IDENTIFIER = tw.edu.fju.Class03UITests;
				PRODUCT_NAME = "$(TARGET_NAME)";
				SWIFT_VERSION = 5.0;
				TARGETED_DEVICE_FAMILY = "1,2";
				TEST_TARGET_NAME = Class03;
			};
			name = Debug;
		};
		192A7237230B89CC00B1D0E7 /* Release */ = {
			isa = XCBuildConfiguration;
			buildSettings = {
				ALWAYS_EMBED_SWIFT_STANDARD_LIBRARIES = YES;
				CODE_SIGN_STYLE = Automatic;
				INFOPLIST_FILE = Class03UITests/Info.plist;
				LD_RUNPATH_SEARCH_PATHS = (
					"$(inherited)",
					"@executable_path/Frameworks",
					"@loader_path/Frameworks",
				);
				PRODUCT_BUNDLE_IDENTIFIER = tw.edu.fju.Class03UITests;
				PRODUCT_NAME = "$(TARGET_NAME)";
				SWIFT_VERSION = 5.0;
				TARGETED_DEVICE_FAMILY = "1,2";
				TEST_TARGET_NAME = Class03;
			};
			name = Release;
		};
/* End XCBuildConfiguration section */

/* Begin XCConfigurationList section */
		192A7202230B89C700B1D0E7 /* Build configuration list for PBXProject "Class03" */ = {
			isa = XCConfigurationList;
			buildConfigurations = (
				192A722D230B89CC00B1D0E7 /* Debug */,
				192A722E230B89CC00B1D0E7 /* Release */,
			);
			defaultConfigurationIsVisible = 0;
			defaultConfigurationName = Release;
		};
		192A722F230B89CC00B1D0E7 /* Build configuration list for PBXNativeTarget "Class03" */ = {
			isa = XCConfigurationList;
			buildConfigurations = (
				192A7230230B89CC00B1D0E7 /* Debug */,
				192A7231230B89CC00B1D0E7 /* Release */,
			);
			defaultConfigurationIsVisible = 0;
			defaultConfigurationName = Release;
		};
		192A7232230B89CC00B1D0E7 /* Build configuration list for PBXNativeTarget "Class03Tests" */ = {
			isa = XCConfigurationList;
			buildConfigurations = (
				192A7233230B89CC00B1D0E7 /* Debug */,
				192A7234230B89CC00B1D0E7 /* Release */,
			);
			defaultConfigurationIsVisible = 0;
			defaultConfigurationName = Release;
		};
		192A7235230B89CC00B1D0E7 /* Build configuration list for PBXNativeTarget "Class03UITests" */ = {
			isa = XCConfigurationList;
			buildConfigurations = (
				192A7236230B89CC00B1D0E7 /* Debug */,
				192A7237230B89CC00B1D0E7 /* Release */,
			);
			defaultConfigurationIsVisible = 0;
			defaultConfigurationName = Release;
		};
/* End XCConfigurationList section */
	};
	rootObject = 192A71FF230B89C700B1D0E7 /* Project object */;
}
